
Microsoft Visual Studio Solution File, Format Version 12.00
# Visual Studio Version 16
VisualStudioVersion = 16.0.30320.27
MinimumVisualStudioVersion = 10.0.40219.1
Project("{FAE04EC0-301F-11D3-BF4B-00C04F79EFBC}") = "EasySurvey.Core", "src\EasySurvey.Core\EasySurvey.Core.csproj", "{CA6DE6A3-DB99-440E-8D12-6C58D0FC1E0A}"
EndProject
Project("{FAE04EC0-301F-11D3-BF4B-00C04F79EFBC}") = "EasySurvey.Infrastructure", "src\EasySurvey.Infrastructure\EasySurvey.Infrastructure.csproj", "{19C00D43-06EC-4F2E-87A6-067275557896}"
EndProject
Project("{FAE04EC0-301F-11D3-BF4B-00C04F79EFBC}") = "EasySurvey.SharedKernel", "src\EasySurvey.SharedKernel\EasySurvey.SharedKernel.csproj", "{2C2DF891-E976-4F5C-A9A3-43D817308BB9}"
EndProject
Project("{FAE04EC0-301F-11D3-BF4B-00C04F79EFBC}") = "EasySurvey.Web", "src\EasySurvey.Web\EasySurvey.Web.csproj", "{D5F0F9C9-6888-44DC-A156-93A702DEC209}"
EndProject
Project("{FAE04EC0-301F-11D3-BF4B-00C04F79EFBC}") = "EasySurvey.UnitTests", "tests\EasySurvey.UnitTests\EasySurvey.UnitTests.csproj", "{DFA172EB-0174-4B64-B0C4-8DF78A0D67CA}"
EndProject
Project("{FAE04EC0-301F-11D3-BF4B-00C04F79EFBC}") = "EasySurvey.IntegrationTests", "tests\EasySurvey.IntegrationTests\EasySurvey.IntegrationTests.csproj", "{45912BE4-06B1-4459-9EB7-8E5D73CFE978}"
EndProject
Project("{FAE04EC0-301F-11D3-BF4B-00C04F79EFBC}") = "EasySurvey.FunctionalTests", "tests\EasySurvey.FunctionalTests\EasySurvey.FunctionalTests.csproj", "{64C72528-AD94-4FBD-B7D0-266575303056}"
EndProject
Global
	GlobalSection(SolutionConfigurationPlatforms) = preSolution
		Debug|Any CPU = Debug|Any CPU
		Release|Any CPU = Release|Any CPU
	EndGlobalSection
	GlobalSection(ProjectConfigurationPlatforms) = postSolution
		{CA6DE6A3-DB99-440E-8D12-6C58D0FC1E0A}.Debug|Any CPU.ActiveCfg = Debug|Any CPU
		{CA6DE6A3-DB99-440E-8D12-6C58D0FC1E0A}.Debug|Any CPU.Build.0 = Debug|Any CPU
		{CA6DE6A3-DB99-440E-8D12-6C58D0FC1E0A}.Release|Any CPU.ActiveCfg = Release|Any CPU
		{CA6DE6A3-DB99-440E-8D12-6C58D0FC1E0A}.Release|Any CPU.Build.0 = Release|Any CPU
		{19C00D43-06EC-4F2E-87A6-067275557896}.Debug|Any CPU.ActiveCfg = Debug|Any CPU
		{19C00D43-06EC-4F2E-87A6-067275557896}.Debug|Any CPU.Build.0 = Debug|Any CPU
		{19C00D43-06EC-4F2E-87A6-067275557896}.Release|Any CPU.ActiveCfg = Release|Any CPU
		{19C00D43-06EC-4F2E-87A6-067275557896}.Release|Any CPU.Build.0 = Release|Any CPU
		{2C2DF891-E976-4F5C-A9A3-43D817308BB9}.Debug|Any CPU.ActiveCfg = Debug|Any CPU
		{2C2DF891-E976-4F5C-A9A3-43D817308BB9}.Debug|Any CPU.Build.0 = Debug|Any CPU
		{2C2DF891-E976-4F5C-A9A3-43D817308BB9}.Release|Any CPU.ActiveCfg = Release|Any CPU
		{2C2DF891-E976-4F5C-A9A3-43D817308BB9}.Release|Any CPU.Build.0 = Release|Any CPU
		{D5F0F9C9-6888-44DC-A156-93A702DEC209}.Debug|Any CPU.ActiveCfg = Debug|Any CPU
		{D5F0F9C9-6888-44DC-A156-93A702DEC209}.Debug|Any CPU.Build.0 = Debug|Any CPU
		{D5F0F9C9-6888-44DC-A156-93A702DEC209}.Release|Any CPU.ActiveCfg = Release|Any CPU
		{D5F0F9C9-6888-44DC-A156-93A702DEC209}.Release|Any CPU.Build.0 = Release|Any CPU
		{DFA172EB-0174-4B64-B0C4-8DF78A0D67CA}.Debug|Any CPU.ActiveCfg = Debug|Any CPU
		{DFA172EB-0174-4B64-B0C4-8DF78A0D67CA}.Debug|Any CPU.Build.0 = Debug|Any CPU
		{DFA172EB-0174-4B64-B0C4-8DF78A0D67CA}.Release|Any CPU.ActiveCfg = Release|Any CPU
		{DFA172EB-0174-4B64-B0C4-8DF78A0D67CA}.Release|Any CPU.Build.0 = Release|Any CPU
		{45912BE4-06B1-4459-9EB7-8E5D73CFE978}.Debug|Any CPU.ActiveCfg = Debug|Any CPU
		{45912BE4-06B1-4459-9EB7-8E5D73CFE978}.Debug|Any CPU.Build.0 = Debug|Any CPU
		{45912BE4-06B1-4459-9EB7-8E5D73CFE978}.Release|Any CPU.ActiveCfg = Release|Any CPU
		{45912BE4-06B1-4459-9EB7-8E5D73CFE978}.Release|Any CPU.Build.0 = Release|Any CPU
		{64C72528-AD94-4FBD-B7D0-266575303056}.Debug|Any CPU.ActiveCfg = Debug|Any CPU
		{64C72528-AD94-4FBD-B7D0-266575303056}.Debug|Any CPU.Build.0 = Debug|Any CPU
		{64C72528-AD94-4FBD-B7D0-266575303056}.Release|Any CPU.ActiveCfg = Release|Any CPU
		{64C72528-AD94-4FBD-B7D0-266575303056}.Release|Any CPU.Build.0 = Release|Any CPU
	EndGlobalSection
	GlobalSection(SolutionProperties) = preSolution
		HideSolutionNode = FALSE
	EndGlobalSection
	GlobalSection(ExtensibilityGlobals) = postSolution
		SolutionGuid = {D89B8B44-AD75-4414-A5F9-6E44900A95FB}
	EndGlobalSection
EndGlobal
